
Microsoft Visual Studio Solution File, Format Version 12.00
# Visual Studio 15
VisualStudioVersion = 15.0.26228.4
MinimumVisualStudioVersion = 10.0.40219.1
Project("{9A19103F-16F7-4668-BE54-9A1E7A4F7556}") = "IsraelTransverseMercator", "IsraelTransverseMercator\IsraelTransverseMercator.csproj", "{334901A0-1B7F-48B0-86BC-C95A8B84A20C}"
EndProject
Project("{9A19103F-16F7-4668-BE54-9A1E7A4F7556}") = "IsraelTransverseMercator.Tests", "IsraelTransverseMercator.Tests\IsraelTransverseMercator.Tests.csproj", "{D383053B-B89B-470D-A667-3590718D1E74}"
EndProject
Project("{2150E333-8FDC-42A3-9474-1A3956D46DE8}") = "Solution Items", "Solution Items", "{D3038257-D8C4-4423-B0D5-FC284340CC55}"
	ProjectSection(SolutionItems) = preProject
		README.md = README.md
	EndProjectSection
EndProject
Global
	GlobalSection(SolutionConfigurationPlatforms) = preSolution
		Debug|Any CPU = Debug|Any CPU
		Release|Any CPU = Release|Any CPU
	EndGlobalSection
	GlobalSection(ProjectConfigurationPlatforms) = postSolution
		{334901A0-1B7F-48B0-86BC-C95A8B84A20C}.Debug|Any CPU.ActiveCfg = Debug|Any CPU
		{334901A0-1B7F-48B0-86BC-C95A8B84A20C}.Debug|Any CPU.Build.0 = Debug|Any CPU
		{334901A0-1B7F-48B0-86BC-C95A8B84A20C}.Release|Any CPU.ActiveCfg = Release|Any CPU
		{334901A0-1B7F-48B0-86BC-C95A8B84A20C}.Release|Any CPU.Build.0 = Release|Any CPU
		{D383053B-B89B-470D-A667-3590718D1E74}.Debug|Any CPU.ActiveCfg = Debug|Any CPU
		{D383053B-B89B-470D-A667-3590718D1E74}.Debug|Any CPU.Build.0 = Debug|Any CPU
		{D383053B-B89B-470D-A667-3590718D1E74}.Release|Any CPU.ActiveCfg = Release|Any CPU
		{D383053B-B89B-470D-A667-3590718D1E74}.Release|Any CPU.Build.0 = Release|Any CPU
	EndGlobalSection
	GlobalSection(SolutionProperties) = preSolution
		HideSolutionNode = FALSE
	EndGlobalSection
EndGlobal
